
Microsoft Visual Studio Solution File, Format Version 12.00
# Visual Studio Version 16
VisualStudioVersion = 16.0.29609.76
MinimumVisualStudioVersion = 10.0.40219.1
Project("{FAE04EC0-301F-11D3-BF4B-00C04F79EFBC}") = "PuckMonkey", "PuckMonkey\PuckMonkey.csproj", "{587AD756-6682-4604-B5EF-AAC4EC28F08E}"
EndProject
Project("{9A19103F-16F7-4668-BE54-9A1E7A4F7556}") = "NHLStats", "..\nhlstats-master\nhlstats-master\NHLStats\NHLStats\NHLStats.csproj", "{D7FAC6BE-EB98-437D-BAC0-C7431D26472A}"
EndProject
Global
	GlobalSection(SolutionConfigurationPlatforms) = preSolution
		Debug|Any CPU = Debug|Any CPU
		Packaged|Any CPU = Packaged|Any CPU
		Release|Any CPU = Release|Any CPU
	EndGlobalSection
	GlobalSection(ProjectConfigurationPlatforms) = postSolution
		{587AD756-6682-4604-B5EF-AAC4EC28F08E}.Debug|Any CPU.ActiveCfg = Debug|Any CPU
		{587AD756-6682-4604-B5EF-AAC4EC28F08E}.Debug|Any CPU.Build.0 = Debug|Any CPU
		{587AD756-6682-4604-B5EF-AAC4EC28F08E}.Packaged|Any CPU.ActiveCfg = Debug|Any CPU
		{587AD756-6682-4604-B5EF-AAC4EC28F08E}.Packaged|Any CPU.Build.0 = Debug|Any CPU
		{587AD756-6682-4604-B5EF-AAC4EC28F08E}.Release|Any CPU.ActiveCfg = Release|Any CPU
		{587AD756-6682-4604-B5EF-AAC4EC28F08E}.Release|Any CPU.Build.0 = Release|Any CPU
		{D7FAC6BE-EB98-437D-BAC0-C7431D26472A}.Debug|Any CPU.ActiveCfg = Debug|Any CPU
		{D7FAC6BE-EB98-437D-BAC0-C7431D26472A}.Debug|Any CPU.Build.0 = Debug|Any CPU
		{D7FAC6BE-EB98-437D-BAC0-C7431D26472A}.Packaged|Any CPU.ActiveCfg = Packaged|Any CPU
		{D7FAC6BE-EB98-437D-BAC0-C7431D26472A}.Packaged|Any CPU.Build.0 = Packaged|Any CPU
		{D7FAC6BE-EB98-437D-BAC0-C7431D26472A}.Release|Any CPU.ActiveCfg = Release|Any CPU
		{D7FAC6BE-EB98-437D-BAC0-C7431D26472A}.Release|Any CPU.Build.0 = Release|Any CPU
	EndGlobalSection
	GlobalSection(SolutionProperties) = preSolution
		HideSolutionNode = FALSE
	EndGlobalSection
	GlobalSection(ExtensibilityGlobals) = postSolution
		SolutionGuid = {8914ADFD-DED7-4A4B-89E1-421C355E319A}
	EndGlobalSection
EndGlobal
